{
  "projects": [
    {
      "projectId": "nHQN8AdET8S4rVFrZniYBR",
      "version": "latest",
      "dependencies": {},
      "lang": "ts",
      "fileLocks": [
        {
          "type": "globalVariant",
          "assetId": "gFVYvONYSyvG",
          "checksum": "32960bc4f200e20002c43a0f9577c558"
        },
        {
          "assetId": "nHQN8AdET8S4rVFrZniYBR",
          "type": "projectCss",
          "checksum": "799cc679c6115bdc62c6f4485b3ebd68"
        },
        {
          "type": "renderModule",
          "assetId": "9TSQNiLyguvo",
          "checksum": "89f480a82eea28ef61e7f7c981a956db"
        },
        {
          "type": "cssRules",
          "assetId": "9TSQNiLyguvo",
          "checksum": "89f480a82eea28ef61e7f7c981a956db"
        },
        {
          "type": "renderModule",
          "assetId": "Y-isqAA3q8Mq",
          "checksum": "8abf65ef62d155949737ee305f52e93c"
        },
        {
          "type": "cssRules",
          "assetId": "Y-isqAA3q8Mq",
          "checksum": "8abf65ef62d155949737ee305f52e93c"
        },
        {
          "type": "renderModule",
          "assetId": "P2Dx7wzlUWNw",
          "checksum": "4bb5774acf1d3818bc6ba51a6bd93299"
        },
        {
          "type": "cssRules",
          "assetId": "P2Dx7wzlUWNw",
          "checksum": "4bb5774acf1d3818bc6ba51a6bd93299"
        },
        {
          "type": "renderModule",
          "assetId": "_34Q1rB7ECpR",
          "checksum": "6445607aad14498c34523df337d3a346"
        },
        {
          "type": "cssRules",
          "assetId": "_34Q1rB7ECpR",
          "checksum": "6445607aad14498c34523df337d3a346"
        },
        {
          "type": "renderModule",
          "assetId": "y-5CxXDvX1fj",
          "checksum": "04d990b7cd463f7a6911fb8cf228bfa1"
        },
        {
          "type": "cssRules",
          "assetId": "y-5CxXDvX1fj",
          "checksum": "04d990b7cd463f7a6911fb8cf228bfa1"
        },
        {
          "type": "renderModule",
          "assetId": "Ubqi7dPnLJ4f",
          "checksum": "1096b2f84148258bfa9b3293ce693097"
        },
        {
          "type": "cssRules",
          "assetId": "Ubqi7dPnLJ4f",
          "checksum": "1096b2f84148258bfa9b3293ce693097"
        },
        {
          "type": "renderModule",
          "assetId": "zoafs7e55VIm",
          "checksum": "05e783f24d8b186017a0a848b16ed80e"
        },
        {
          "type": "cssRules",
          "assetId": "zoafs7e55VIm",
          "checksum": "05e783f24d8b186017a0a848b16ed80e"
        },
        {
          "type": "renderModule",
          "assetId": "3j4EvQBgP1Xy",
          "checksum": "756d4896e5c7a9afb79f46dbbb929ed0"
        },
        {
          "type": "cssRules",
          "assetId": "3j4EvQBgP1Xy",
          "checksum": "756d4896e5c7a9afb79f46dbbb929ed0"
        },
        {
          "type": "renderModule",
          "assetId": "PC8si-lFFc-P",
          "checksum": "dc035312d2e770604fdccbb69f4ac6d7"
        },
        {
          "type": "cssRules",
          "assetId": "PC8si-lFFc-P",
          "checksum": "dc035312d2e770604fdccbb69f4ac6d7"
        },
        {
          "type": "renderModule",
          "assetId": "sJpqELLdyrYm",
          "checksum": "2fb14a983d29d25a9f51203cc0bea1ac"
        },
        {
          "type": "cssRules",
          "assetId": "sJpqELLdyrYm",
          "checksum": "2fb14a983d29d25a9f51203cc0bea1ac"
        },
        {
          "type": "renderModule",
          "assetId": "VQIcoHsNn6Ux",
          "checksum": "cca5e314c1378b2414f003e60ff225c3"
        },
        {
          "type": "cssRules",
          "assetId": "VQIcoHsNn6Ux",
          "checksum": "cca5e314c1378b2414f003e60ff225c3"
        },
        {
          "type": "renderModule",
          "assetId": "ZoQgd_vLSi6e",
          "checksum": "7f10d2b4874405014be61b7825594362"
        },
        {
          "type": "cssRules",
          "assetId": "ZoQgd_vLSi6e",
          "checksum": "7f10d2b4874405014be61b7825594362"
        },
        {
          "type": "renderModule",
          "assetId": "5OZJDl5o6p49",
          "checksum": "e96c05abddcfaa48dfaa603dc9c08a29"
        },
        {
          "type": "cssRules",
          "assetId": "5OZJDl5o6p49",
          "checksum": "e96c05abddcfaa48dfaa603dc9c08a29"
        },
        {
          "type": "renderModule",
          "assetId": "v55cLc_IEhuj",
          "checksum": "8111dad629f627fe7f9451149ddd90eb"
        },
        {
          "type": "cssRules",
          "assetId": "v55cLc_IEhuj",
          "checksum": "8111dad629f627fe7f9451149ddd90eb"
        },
        {
          "type": "renderModule",
          "assetId": "pkof0yIOAVfI",
          "checksum": "209e4a9166d09b9f40ab83b73b2014a3"
        },
        {
          "type": "cssRules",
          "assetId": "pkof0yIOAVfI",
          "checksum": "209e4a9166d09b9f40ab83b73b2014a3"
        },
        {
          "type": "renderModule",
          "assetId": "TIxM1EJzj74K",
          "checksum": "4cbffe52e74eab15a636cba12a7d5a03"
        },
        {
          "type": "cssRules",
          "assetId": "TIxM1EJzj74K",
          "checksum": "4cbffe52e74eab15a636cba12a7d5a03"
        },
        {
          "type": "renderModule",
          "assetId": "tm-0BZZOqHGG",
          "checksum": "491399e2a7f590a1b584ad12f8229f73"
        },
        {
          "type": "cssRules",
          "assetId": "tm-0BZZOqHGG",
          "checksum": "491399e2a7f590a1b584ad12f8229f73"
        },
        {
          "type": "renderModule",
          "assetId": "bzZ7vDTPIVZo",
          "checksum": "5b9b46f23f68968255c7e6c28dc9a8e7"
        },
        {
          "type": "cssRules",
          "assetId": "bzZ7vDTPIVZo",
          "checksum": "5b9b46f23f68968255c7e6c28dc9a8e7"
        },
        {
          "type": "icon",
          "assetId": "9RBPku-iyJIH",
          "checksum": "e9e55c5486d6daca1c4facc2a41645a1"
        },
        {
          "type": "icon",
          "assetId": "2faBcOoONdgV",
          "checksum": "1625e53e6adc19b3da71c845de7f4e87"
        },
        {
          "type": "icon",
          "assetId": "0jWwIcOBaZAS",
          "checksum": "286fed35ccac3f7fe464d63a4888358e"
        },
        {
          "type": "icon",
          "assetId": "Yurktu11eMYJ",
          "checksum": "fa0f4201e346036b87de906ec6bdd237"
        },
        {
          "type": "icon",
          "assetId": "z-utOlrqpr-b",
          "checksum": "588bd8ede37b0d65b0c80bb271be041f"
        },
        {
          "type": "icon",
          "assetId": "eb_ImPBG9YfB",
          "checksum": "f5dbb38ee173188f0d15419a45e753d1"
        },
        {
          "type": "icon",
          "assetId": "QCIxBZ95jJwn",
          "checksum": "526979b96df5a0e3f5ab00bede76e4f4"
        },
        {
          "type": "icon",
          "assetId": "1x468Xew-fJN",
          "checksum": "ed5679a6203b5853d0afee997fb13aab"
        },
        {
          "type": "icon",
          "assetId": "FUgQ3SqoWSiS",
          "checksum": "5b2aa134d2aed955fdd400ccd103dffe"
        },
        {
          "type": "image",
          "assetId": "oCkmoydc622L",
          "checksum": "ee06d406bdf9b3ff1079d1feb069ba40"
        },
        {
          "type": "image",
          "assetId": "Yf1tNkEqw0tQ",
          "checksum": "009da688c9e4c2b1deae9bd082d91b2e"
        },
        {
          "type": "image",
          "assetId": "TDosE6Bqn-Wx",
          "checksum": "20efb223b16c6b2407fe46a760d7b921"
        },
        {
          "type": "image",
          "assetId": "nvK-EgKyQnNT",
          "checksum": "d81504d3ae9e02df347f0caa4b091e07"
        },
        {
          "type": "image",
          "assetId": "bIV32XzpBnHG",
          "checksum": "3e8c876cfe8100e7c2ef643d2fdbeb94"
        },
        {
          "type": "image",
          "assetId": "N8oA2Qo9nPFH",
          "checksum": "96f82efe9fd1b2870ce498b32fc5845f"
        }
      ]
    }
  ],
  "cliVersion": "0.1.166"
}
